
Microsoft Visual Studio Solution File, Format Version 12.00
# Visual Studio Version 17
VisualStudioVersion = 17.5.33502.453
MinimumVisualStudioVersion = 10.0.40219.1
Project("{FAE04EC0-301F-11D3-BF4B-00C04F79EFBC}") = "NyaGenerator.Equatable", "NyaGenerator.Equatable\NyaGenerator.Equatable.csproj", "{77DCA68E-A63D-415E-AD84-45EDDD1DE1D5}"
EndProject
Global
	GlobalSection(SolutionConfigurationPlatforms) = preSolution
		Debug|Any CPU = Debug|Any CPU
		Release|Any CPU = Release|Any CPU
	EndGlobalSection
	GlobalSection(ProjectConfigurationPlatforms) = postSolution
		{77DCA68E-A63D-415E-AD84-45EDDD1DE1D5}.Debug|Any CPU.ActiveCfg = Debug|Any CPU
		{77DCA68E-A63D-415E-AD84-45EDDD1DE1D5}.Debug|Any CPU.Build.0 = Debug|Any CPU
		{77DCA68E-A63D-415E-AD84-45EDDD1DE1D5}.Release|Any CPU.ActiveCfg = Release|Any CPU
		{77DCA68E-A63D-415E-AD84-45EDDD1DE1D5}.Release|Any CPU.Build.0 = Release|Any CPU
	EndGlobalSection
	GlobalSection(SolutionProperties) = preSolution
		HideSolutionNode = FALSE
	EndGlobalSection
	GlobalSection(ExtensibilityGlobals) = postSolution
		SolutionGuid = {E50D1116-CE2D-4635-B99D-8E54103456C9}
	EndGlobalSection
EndGlobal
