
Microsoft Visual Studio Solution File, Format Version 12.00
# Visual Studio Version 17
VisualStudioVersion = 17.0.32014.148
MinimumVisualStudioVersion = 10.0.40219.1
Project("{9A19103F-16F7-4668-BE54-9A1E7A4F7556}") = "Keepalive", "Keepalive\Keepalive.csproj", "{46E25BAB-BC43-4AD6-A135-9B6D5EFE9590}"
EndProject
Project("{FAE04EC0-301F-11D3-BF4B-00C04F79EFBC}") = "Motd", "Motd\Motd.csproj", "{8D17DBDB-636E-4312-A87E-6B963E61D0F1}"
EndProject
Global
	GlobalSection(SolutionConfigurationPlatforms) = preSolution
		Debug|Any CPU = Debug|Any CPU
		Release|Any CPU = Release|Any CPU
	EndGlobalSection
	GlobalSection(ProjectConfigurationPlatforms) = postSolution
		{46E25BAB-BC43-4AD6-A135-9B6D5EFE9590}.Debug|Any CPU.ActiveCfg = Debug|Any CPU
		{46E25BAB-BC43-4AD6-A135-9B6D5EFE9590}.Debug|Any CPU.Build.0 = Debug|Any CPU
		{46E25BAB-BC43-4AD6-A135-9B6D5EFE9590}.Release|Any CPU.ActiveCfg = Release|Any CPU
		{46E25BAB-BC43-4AD6-A135-9B6D5EFE9590}.Release|Any CPU.Build.0 = Release|Any CPU
		{8D17DBDB-636E-4312-A87E-6B963E61D0F1}.Debug|Any CPU.ActiveCfg = Debug|Any CPU
		{8D17DBDB-636E-4312-A87E-6B963E61D0F1}.Debug|Any CPU.Build.0 = Debug|Any CPU
		{8D17DBDB-636E-4312-A87E-6B963E61D0F1}.Release|Any CPU.ActiveCfg = Release|Any CPU
		{8D17DBDB-636E-4312-A87E-6B963E61D0F1}.Release|Any CPU.Build.0 = Release|Any CPU
	EndGlobalSection
	GlobalSection(SolutionProperties) = preSolution
		HideSolutionNode = FALSE
	EndGlobalSection
	GlobalSection(ExtensibilityGlobals) = postSolution
		SolutionGuid = {4ACB29C4-2409-4B10-8C02-91513EF648A6}
	EndGlobalSection
EndGlobal
